
Microsoft Visual Studio Solution File, Format Version 12.00
# Visual Studio Version 16
VisualStudioVersion = 16.6.30114.105
MinimumVisualStudioVersion = 10.0.40219.1
Project("{FAE04EC0-301F-11D3-BF4B-00C04F79EFBC}") = "ProEventos.Application", "ProEventos.Application\ProEventos.Application.csproj", "{24A89B17-9CFC-4707-9897-449CE2B89678}"
EndProject
Project("{FAE04EC0-301F-11D3-BF4B-00C04F79EFBC}") = "ProEventos.Domain", "ProEventos.Domain\ProEventos.Domain.csproj", "{E3AF99F0-DCB7-4321-A223-F92A73EF49D0}"
EndProject
Project("{FAE04EC0-301F-11D3-BF4B-00C04F79EFBC}") = "ProEventos.API", "ProEventos.API\ProEventos.API.csproj", "{BAA3DA77-FE2C-40F7-94A8-41A20AA9C140}"
EndProject
Project("{FAE04EC0-301F-11D3-BF4B-00C04F79EFBC}") = "ProEventos.Persistence", "ProEventos.Persistence\ProEventos.Persistence.csproj", "{FF0898DB-3F12-49C5-B4E2-B181B3A8201D}"
EndProject
Global
	GlobalSection(SolutionConfigurationPlatforms) = preSolution
		Debug|Any CPU = Debug|Any CPU
		Debug|x64 = Debug|x64
		Debug|x86 = Debug|x86
		Release|Any CPU = Release|Any CPU
		Release|x64 = Release|x64
		Release|x86 = Release|x86
	EndGlobalSection
	GlobalSection(SolutionProperties) = preSolution
		HideSolutionNode = FALSE
	EndGlobalSection
	GlobalSection(ProjectConfigurationPlatforms) = postSolution
		{24A89B17-9CFC-4707-9897-449CE2B89678}.Debug|Any CPU.ActiveCfg = Debug|Any CPU
		{24A89B17-9CFC-4707-9897-449CE2B89678}.Debug|Any CPU.Build.0 = Debug|Any CPU
		{24A89B17-9CFC-4707-9897-449CE2B89678}.Debug|x64.ActiveCfg = Debug|Any CPU
		{24A89B17-9CFC-4707-9897-449CE2B89678}.Debug|x64.Build.0 = Debug|Any CPU
		{24A89B17-9CFC-4707-9897-449CE2B89678}.Debug|x86.ActiveCfg = Debug|Any CPU
		{24A89B17-9CFC-4707-9897-449CE2B89678}.Debug|x86.Build.0 = Debug|Any CPU
		{24A89B17-9CFC-4707-9897-449CE2B89678}.Release|Any CPU.ActiveCfg = Release|Any CPU
		{24A89B17-9CFC-4707-9897-449CE2B89678}.Release|Any CPU.Build.0 = Release|Any CPU
		{24A89B17-9CFC-4707-9897-449CE2B89678}.Release|x64.ActiveCfg = Release|Any CPU
		{24A89B17-9CFC-4707-9897-449CE2B89678}.Release|x64.Build.0 = Release|Any CPU
		{24A89B17-9CFC-4707-9897-449CE2B89678}.Release|x86.ActiveCfg = Release|Any CPU
		{24A89B17-9CFC-4707-9897-449CE2B89678}.Release|x86.Build.0 = Release|Any CPU
		{E3AF99F0-DCB7-4321-A223-F92A73EF49D0}.Debug|Any CPU.ActiveCfg = Debug|Any CPU
		{E3AF99F0-DCB7-4321-A223-F92A73EF49D0}.Debug|Any CPU.Build.0 = Debug|Any CPU
		{E3AF99F0-DCB7-4321-A223-F92A73EF49D0}.Debug|x64.ActiveCfg = Debug|Any CPU
		{E3AF99F0-DCB7-4321-A223-F92A73EF49D0}.Debug|x64.Build.0 = Debug|Any CPU
		{E3AF99F0-DCB7-4321-A223-F92A73EF49D0}.Debug|x86.ActiveCfg = Debug|Any CPU
		{E3AF99F0-DCB7-4321-A223-F92A73EF49D0}.Debug|x86.Build.0 = Debug|Any CPU
		{E3AF99F0-DCB7-4321-A223-F92A73EF49D0}.Release|Any CPU.ActiveCfg = Release|Any CPU
		{E3AF99F0-DCB7-4321-A223-F92A73EF49D0}.Release|Any CPU.Build.0 = Release|Any CPU
		{E3AF99F0-DCB7-4321-A223-F92A73EF49D0}.Release|x64.ActiveCfg = Release|Any CPU
		{E3AF99F0-DCB7-4321-A223-F92A73EF49D0}.Release|x64.Build.0 = Release|Any CPU
		{E3AF99F0-DCB7-4321-A223-F92A73EF49D0}.Release|x86.ActiveCfg = Release|Any CPU
		{E3AF99F0-DCB7-4321-A223-F92A73EF49D0}.Release|x86.Build.0 = Release|Any CPU
		{BAA3DA77-FE2C-40F7-94A8-41A20AA9C140}.Debug|Any CPU.ActiveCfg = Debug|Any CPU
		{BAA3DA77-FE2C-40F7-94A8-41A20AA9C140}.Debug|Any CPU.Build.0 = Debug|Any CPU
		{BAA3DA77-FE2C-40F7-94A8-41A20AA9C140}.Debug|x64.ActiveCfg = Debug|Any CPU
		{BAA3DA77-FE2C-40F7-94A8-41A20AA9C140}.Debug|x64.Build.0 = Debug|Any CPU
		{BAA3DA77-FE2C-40F7-94A8-41A20AA9C140}.Debug|x86.ActiveCfg = Debug|Any CPU
		{BAA3DA77-FE2C-40F7-94A8-41A20AA9C140}.Debug|x86.Build.0 = Debug|Any CPU
		{BAA3DA77-FE2C-40F7-94A8-41A20AA9C140}.Release|Any CPU.ActiveCfg = Release|Any CPU
		{BAA3DA77-FE2C-40F7-94A8-41A20AA9C140}.Release|Any CPU.Build.0 = Release|Any CPU
		{BAA3DA77-FE2C-40F7-94A8-41A20AA9C140}.Release|x64.ActiveCfg = Release|Any CPU
		{BAA3DA77-FE2C-40F7-94A8-41A20AA9C140}.Release|x64.Build.0 = Release|Any CPU
		{BAA3DA77-FE2C-40F7-94A8-41A20AA9C140}.Release|x86.ActiveCfg = Release|Any CPU
		{BAA3DA77-FE2C-40F7-94A8-41A20AA9C140}.Release|x86.Build.0 = Release|Any CPU
		{FF0898DB-3F12-49C5-B4E2-B181B3A8201D}.Debug|Any CPU.ActiveCfg = Debug|Any CPU
		{FF0898DB-3F12-49C5-B4E2-B181B3A8201D}.Debug|Any CPU.Build.0 = Debug|Any CPU
		{FF0898DB-3F12-49C5-B4E2-B181B3A8201D}.Debug|x64.ActiveCfg = Debug|Any CPU
		{FF0898DB-3F12-49C5-B4E2-B181B3A8201D}.Debug|x64.Build.0 = Debug|Any CPU
		{FF0898DB-3F12-49C5-B4E2-B181B3A8201D}.Debug|x86.ActiveCfg = Debug|Any CPU
		{FF0898DB-3F12-49C5-B4E2-B181B3A8201D}.Debug|x86.Build.0 = Debug|Any CPU
		{FF0898DB-3F12-49C5-B4E2-B181B3A8201D}.Release|Any CPU.ActiveCfg = Release|Any CPU
		{FF0898DB-3F12-49C5-B4E2-B181B3A8201D}.Release|Any CPU.Build.0 = Release|Any CPU
		{FF0898DB-3F12-49C5-B4E2-B181B3A8201D}.Release|x64.ActiveCfg = Release|Any CPU
		{FF0898DB-3F12-49C5-B4E2-B181B3A8201D}.Release|x64.Build.0 = Release|Any CPU
		{FF0898DB-3F12-49C5-B4E2-B181B3A8201D}.Release|x86.ActiveCfg = Release|Any CPU
		{FF0898DB-3F12-49C5-B4E2-B181B3A8201D}.Release|x86.Build.0 = Release|Any CPU
	EndGlobalSection
EndGlobal
